
Microsoft Visual Studio Solution File, Format Version 12.00
# Visual Studio Version 17
VisualStudioVersion = 17.14.36310.24 d17.14
MinimumVisualStudioVersion = 10.0.40219.1
Project("{FAE04EC0-301F-11D3-BF4B-00C04F79EFBC}") = "AbstractConstructor", "AbstractConstructor\AbstractConstructor.csproj", "{F2DE9F6C-90E8-47E2-9A3A-CEE32C27F00C}"
EndProject
Global
	GlobalSection(SolutionConfigurationPlatforms) = preSolution
		Debug|Any CPU = Debug|Any CPU
		Release|Any CPU = Release|Any CPU
	EndGlobalSection
	GlobalSection(ProjectConfigurationPlatforms) = postSolution
		{F2DE9F6C-90E8-47E2-9A3A-CEE32C27F00C}.Debug|Any CPU.ActiveCfg = Debug|Any CPU
		{F2DE9F6C-90E8-47E2-9A3A-CEE32C27F00C}.Debug|Any CPU.Build.0 = Debug|Any CPU
		{F2DE9F6C-90E8-47E2-9A3A-CEE32C27F00C}.Release|Any CPU.ActiveCfg = Release|Any CPU
		{F2DE9F6C-90E8-47E2-9A3A-CEE32C27F00C}.Release|Any CPU.Build.0 = Release|Any CPU
	EndGlobalSection
	GlobalSection(SolutionProperties) = preSolution
		HideSolutionNode = FALSE
	EndGlobalSection
	GlobalSection(ExtensibilityGlobals) = postSolution
		SolutionGuid = {7BF02453-8FD9-4446-AD50-580F04BD2D5A}
	EndGlobalSection
EndGlobal
