
Microsoft Visual Studio Solution File, Format Version 12.00
# Visual Studio Version 17
VisualStudioVersion = 17.14.36310.24 d17.14
MinimumVisualStudioVersion = 10.0.40219.1
Project("{FAE04EC0-301F-11D3-BF4B-00C04F79EFBC}") = "ObjectMethods", "ObjectMethods\ObjectMethods.csproj", "{B8639B0C-3C0B-43E2-AA02-932D2A388093}"
EndProject
Global
	GlobalSection(SolutionConfigurationPlatforms) = preSolution
		Debug|Any CPU = Debug|Any CPU
		Release|Any CPU = Release|Any CPU
	EndGlobalSection
	GlobalSection(ProjectConfigurationPlatforms) = postSolution
		{B8639B0C-3C0B-43E2-AA02-932D2A388093}.Debug|Any CPU.ActiveCfg = Debug|Any CPU
		{B8639B0C-3C0B-43E2-AA02-932D2A388093}.Debug|Any CPU.Build.0 = Debug|Any CPU
		{B8639B0C-3C0B-43E2-AA02-932D2A388093}.Release|Any CPU.ActiveCfg = Release|Any CPU
		{B8639B0C-3C0B-43E2-AA02-932D2A388093}.Release|Any CPU.Build.0 = Release|Any CPU
	EndGlobalSection
	GlobalSection(SolutionProperties) = preSolution
		HideSolutionNode = FALSE
	EndGlobalSection
	GlobalSection(ExtensibilityGlobals) = postSolution
		SolutionGuid = {5573B86D-F54F-4BF8-B81C-8BBFB3E6789E}
	EndGlobalSection
EndGlobal
