
Microsoft Visual Studio Solution File, Format Version 12.00
# Visual Studio Version 17
VisualStudioVersion = 17.14.36408.4 d17.14
MinimumVisualStudioVersion = 10.0.40219.1
Project("{FAE04EC0-301F-11D3-BF4B-00C04F79EFBC}") = "GmailAuth", "GmailAuth\GmailAuth.csproj", "{9E23176B-0461-4329-998A-A96ADD482E98}"
EndProject
Global
	GlobalSection(SolutionConfigurationPlatforms) = preSolution
		Debug|Any CPU = Debug|Any CPU
		Release|Any CPU = Release|Any CPU
	EndGlobalSection
	GlobalSection(ProjectConfigurationPlatforms) = postSolution
		{9E23176B-0461-4329-998A-A96ADD482E98}.Debug|Any CPU.ActiveCfg = Debug|Any CPU
		{9E23176B-0461-4329-998A-A96ADD482E98}.Debug|Any CPU.Build.0 = Debug|Any CPU
		{9E23176B-0461-4329-998A-A96ADD482E98}.Release|Any CPU.ActiveCfg = Release|Any CPU
		{9E23176B-0461-4329-998A-A96ADD482E98}.Release|Any CPU.Build.0 = Release|Any CPU
	EndGlobalSection
	GlobalSection(SolutionProperties) = preSolution
		HideSolutionNode = FALSE
	EndGlobalSection
	GlobalSection(ExtensibilityGlobals) = postSolution
		SolutionGuid = {2C66D23F-F503-4D59-B7D5-C92627BE46AE}
	EndGlobalSection
EndGlobal
